
Microsoft Visual Studio Solution File, Format Version 12.00
# Visual Studio Version 17
VisualStudioVersion = 17.12.35707.178 d17.12
MinimumVisualStudioVersion = 10.0.40219.1
Project("{9A19103F-16F7-4668-BE54-9A1E7A4F7556}") = "SampleApp", "SampleApp\SampleApp.csproj", "{DC0A6253-B10C-47CE-8B43-D5D255FBA773}"
EndProject
Project("{930C7802-8A8C-48F9-8165-68863BCCD9DD}") = "SampleProduct", "SampleProduct\SampleProduct.wixproj", "{59483915-11E8-4133-9C95-8C1A272CF42C}"
EndProject
Global
	GlobalSection(SolutionConfigurationPlatforms) = preSolution
		Debug|Any CPU = Debug|Any CPU
		Debug|x86 = Debug|x86
		Release|Any CPU = Release|Any CPU
		Release|x86 = Release|x86
	EndGlobalSection
	GlobalSection(ProjectConfigurationPlatforms) = postSolution
		{DC0A6253-B10C-47CE-8B43-D5D255FBA773}.Debug|Any CPU.ActiveCfg = Debug|Any CPU
		{DC0A6253-B10C-47CE-8B43-D5D255FBA773}.Debug|Any CPU.Build.0 = Debug|Any CPU
		{DC0A6253-B10C-47CE-8B43-D5D255FBA773}.Debug|x86.ActiveCfg = Debug|Any CPU
		{DC0A6253-B10C-47CE-8B43-D5D255FBA773}.Debug|x86.Build.0 = Debug|Any CPU
		{DC0A6253-B10C-47CE-8B43-D5D255FBA773}.Release|Any CPU.ActiveCfg = Release|Any CPU
		{DC0A6253-B10C-47CE-8B43-D5D255FBA773}.Release|Any CPU.Build.0 = Release|Any CPU
		{DC0A6253-B10C-47CE-8B43-D5D255FBA773}.Release|x86.ActiveCfg = Release|Any CPU
		{DC0A6253-B10C-47CE-8B43-D5D255FBA773}.Release|x86.Build.0 = Release|Any CPU
		{59483915-11E8-4133-9C95-8C1A272CF42C}.Debug|Any CPU.ActiveCfg = Debug|x86
		{59483915-11E8-4133-9C95-8C1A272CF42C}.Debug|Any CPU.Build.0 = Debug|x86
		{59483915-11E8-4133-9C95-8C1A272CF42C}.Debug|x86.ActiveCfg = Debug|x86
		{59483915-11E8-4133-9C95-8C1A272CF42C}.Debug|x86.Build.0 = Debug|x86
		{59483915-11E8-4133-9C95-8C1A272CF42C}.Release|Any CPU.ActiveCfg = Release|x86
		{59483915-11E8-4133-9C95-8C1A272CF42C}.Release|Any CPU.Build.0 = Release|x86
		{59483915-11E8-4133-9C95-8C1A272CF42C}.Release|x86.ActiveCfg = Release|x86
		{59483915-11E8-4133-9C95-8C1A272CF42C}.Release|x86.Build.0 = Release|x86
	EndGlobalSection
	GlobalSection(SolutionProperties) = preSolution
		HideSolutionNode = FALSE
	EndGlobalSection
	GlobalSection(ExtensibilityGlobals) = postSolution
		SolutionGuid = {93E78F93-437F-47C1-B3D8-2D7EE41A3237}
	EndGlobalSection
EndGlobal
